<?xml version="1.0" encoding="utf-8"?>
<Project ToolsVersion="4.0" xmlns="http://schemas.microsoft.com/developer/msbuild/2003">
  <ItemGroup>
    <Filter Include="MinecraftFramework">
      <UniqueIdentifier>{c45ef125-c52c-494b-a5e8-be3ae24cd418}</UniqueIdentifier>
    </Filter>
    <Filter Include="MinecraftFramework\Networking">
      <UniqueIdentifier>{37d00f3c-73c5-4c65-b994-5a71c8b7c7f3}</UniqueIdentifier>
    </Filter>
    <Filter Include="MinecraftFramework\Packets">
      <UniqueIdentifier>{b3992b77-87e7-4f37-bb9e-d1a7a125f923}</UniqueIdentifier>
    </Filter>
    <Filter Include="MinecraftFramework\Packets\ClientPackets">
      <UniqueIdentifier>{491c6486-68c8-4c32-bf38-1cf459974b67}</UniqueIdentifier>
    </Filter>
    <Filter Include="MinecraftFramework\Packets\ServerPackets">
      <UniqueIdentifier>{81afe0c9-7f10-4af1-802d-92cc9c22985b}</UniqueIdentifier>
    </Filter>
    <Filter Include="MinecraftFramework\DataTypes">
      <UniqueIdentifier>{477643be-1bc1-4257-9ee9-4bfbdb0adb6a}</UniqueIdentifier>
    </Filter>
  </ItemGroup>
  <ItemGroup>
    <ClInclude Include="Packet.h">
      <Filter>MinecraftFramework\Packets</Filter>
    </ClInclude>
    <ClInclude Include="Handshake.h">
      <Filter>MinecraftFramework\Packets\ClientPackets</Filter>
    </ClInclude>
    <ClInclude Include="LoginStartPacket.h">
      <Filter>MinecraftFramework\Packets\ClientPackets</Filter>
    </ClInclude>
    <ClInclude Include="Buffer.h">
      <Filter>MinecraftFramework\DataTypes</Filter>
    </ClInclude>
    <ClInclude Include="Types.h">
      <Filter>MinecraftFramework\DataTypes</Filter>
    </ClInclude>
    <ClInclude Include="PacketsList.h">
      <Filter>MinecraftFramework\Packets</Filter>
    </ClInclude>
    <ClInclude Include="MinecraftBot.h">
      <Filter>MinecraftFramework</Filter>
    </ClInclude>
    <ClInclude Include="LoginSuccessPacket.h">
      <Filter>MinecraftFramework\Packets\ServerPackets</Filter>
    </ClInclude>
    <ClInclude Include="BufferedReaderWriter.h">
      <Filter>MinecraftFramework\Networking</Filter>
    </ClInclude>
    <ClInclude Include="ChangeIndianess.h">
      <Filter>MinecraftFramework\Networking</Filter>
    </ClInclude>
    <ClInclude Include="TcpClientSocket.h">
      <Filter>MinecraftFramework\Networking</Filter>
    </ClInclude>
    <ClInclude Include="KeepAlivePacket.h">
      <Filter>MinecraftFramework\Packets\ServerPackets</Filter>
    </ClInclude>
    <ClInclude Include="PlayerPacket.h">
      <Filter>MinecraftFramework\Packets\ClientPackets</Filter>
    </ClInclude>
    <ClInclude Include="SpawnPositionPacket.h">
      <Filter>MinecraftFramework\Packets\ServerPackets</Filter>
    </ClInclude>
    <ClInclude Include="PlayerPositionPacket.h">
      <Filter>MinecraftFramework\Packets\ClientPackets</Filter>
    </ClInclude>
  </ItemGroup>
  <ItemGroup>
    <ClCompile Include="Packet.cpp">
      <Filter>MinecraftFramework\Packets</Filter>
    </ClCompile>
    <ClCompile Include="LoginStartPacket.cpp">
      <Filter>MinecraftFramework\Packets\ClientPackets</Filter>
    </ClCompile>
    <ClCompile Include="Handshake.cpp">
      <Filter>MinecraftFramework\Packets\ClientPackets</Filter>
    </ClCompile>
    <ClCompile Include="Buffer.cpp">
      <Filter>MinecraftFramework\DataTypes</Filter>
    </ClCompile>
    <ClCompile Include="Types.cpp">
      <Filter>MinecraftFramework\DataTypes</Filter>
    </ClCompile>
    <ClCompile Include="main.cpp" />
    <ClCompile Include="MinecraftBot.cpp">
      <Filter>MinecraftFramework</Filter>
    </ClCompile>
    <ClCompile Include="LoginSuccessPacket.cpp">
      <Filter>MinecraftFramework\Packets\ServerPackets</Filter>
    </ClCompile>
    <ClCompile Include="BufferedReaderWriter.cpp">
      <Filter>MinecraftFramework\Networking</Filter>
    </ClCompile>
    <ClCompile Include="TcpClientSocket.cpp">
      <Filter>MinecraftFramework\Networking</Filter>
    </ClCompile>
    <ClCompile Include="KeepAlivePacket.cpp">
      <Filter>MinecraftFramework\Packets\ServerPackets</Filter>
    </ClCompile>
    <ClCompile Include="PlayerPacket.cpp">
      <Filter>MinecraftFramework\Packets\ClientPackets</Filter>
    </ClCompile>
    <ClCompile Include="SpawnPositionPacket.cpp">
      <Filter>MinecraftFramework\Packets\ServerPackets</Filter>
    </ClCompile>
    <ClCompile Include="PlayerPositionPacket.cpp">
      <Filter>MinecraftFramework\Packets\ClientPackets</Filter>
    </ClCompile>
  </ItemGroup>
  <ItemGroup>
    <None Include=".gitignore" />
    <None Include=".travis.yml" />
  </ItemGroup>
  <ItemGroup>
    <Text Include="CMakeLists.txt" />
  </ItemGroup>
</Project>